
Microsoft Visual Studio Solution File, Format Version 12.00
# Visual Studio Version 17
VisualStudioVersion = 17.13.35931.197 d17.13
MinimumVisualStudioVersion = 10.0.40219.1
Project("{FAE04EC0-301F-11D3-BF4B-00C04F79EFBC}") = "HentaiGame", "HentaiGame.csproj", "{72226D57-6355-4C81-9C4E-C3BC4EAD9A6B}"
EndProject
Global
	GlobalSection(SolutionConfigurationPlatforms) = preSolution
		Debug|Any CPU = Debug|Any CPU
		Release|Any CPU = Release|Any CPU
	EndGlobalSection
	GlobalSection(ProjectConfigurationPlatforms) = postSolution
		{72226D57-6355-4C81-9C4E-C3BC4EAD9A6B}.Debug|Any CPU.ActiveCfg = Debug|Any CPU
		{72226D57-6355-4C81-9C4E-C3BC4EAD9A6B}.Debug|Any CPU.Build.0 = Debug|Any CPU
		{72226D57-6355-4C81-9C4E-C3BC4EAD9A6B}.Release|Any CPU.ActiveCfg = Release|Any CPU
		{72226D57-6355-4C81-9C4E-C3BC4EAD9A6B}.Release|Any CPU.Build.0 = Release|Any CPU
	EndGlobalSection
	GlobalSection(SolutionProperties) = preSolution
		HideSolutionNode = FALSE
	EndGlobalSection
	GlobalSection(ExtensibilityGlobals) = postSolution
		SolutionGuid = {62DBA7C6-782C-4A7B-98A1-B460CA129D9B}
	EndGlobalSection
EndGlobal
